# This file was autogenerated by Stack.
# You should not edit this file by hand.
# For more information, please see the documentation at:
#   https://docs.haskellstack.org/en/stable/lock_files

packages:
- completed:
    hackage: gtk2hs-buildtools-0.13.5.4@sha256:0f18b0103fa7a3cbc28edc6a97bdaf08e1f9bd273ef26d2ad498630ec6d0ac9c,5288
    pantry-tree:
      size: 3588
      sha256: df6fdd3aaf8b9d3dd420b5c5906751d7399f1999607b396141d1493c76472e1b
  original:
    hackage: gtk2hs-buildtools-0.13.5.4
- completed:
    hackage: serialport-0.4.7@sha256:faff483f73c8e8e9661dae3788795bb0f4a38413a49fccb77bcdc6827af50182,1430
    pantry-tree:
      size: 762
      sha256: 50b9cd8cc7937d91834a499171f8d0904f63381dda4d90b546fa6f16f1bec2c3
  original:
    hackage: serialport-0.4.7
- completed:
    hackage: cairo-0.13.8.1@sha256:1938aaeb5d3504678d995774dfe870f6b66cbd43d336b692fa8779b23b2b67a9,4075
    pantry-tree:
      size: 2830
      sha256: 8f6344da4c578a4dd3a49c333e2158b695bfae32a74d34a76bbc6e531b70c95c
  original:
    hackage: cairo-0.13.8.1
- completed:
    hackage: pango-0.13.8.1@sha256:877b121c0bf87c96d3619effae6751ecfd74b7f7f3227cf3fde012597aed5ed9,3917
    pantry-tree:
      size: 1506
      sha256: eec456a3d16f1a9305196a86a7c49a6f2cfe1b041a50b02059dc4898a07a3bd9
  original:
    hackage: pango-0.13.8.1
- completed:
    hackage: plot-0.2.3.10@sha256:3625b87437435d338c24fc31241bbae13997db993a142b0fc8388ecfa392e50f,4363
    pantry-tree:
      size: 2704
      sha256: d42b970e6c692a1b932ef6cea452c42d79eb2e08eeaa4dc9bd46d3089b9dbbf1
  original:
    hackage: plot-0.2.3.10@sha256:3625b87437435d338c24fc31241bbae13997db993a142b0fc8388ecfa392e50f,4363
- completed:
    hackage: glib-0.13.8.0@sha256:97698bd054bad38756f3ef0220d7684f72e42660d261e9b118aa73419ce9207d,3136
    pantry-tree:
      size: 1625
      sha256: 1a9d5731f5a7e40da0e5a25e25fea9da259c720e8c0263da1c4836488b60b4c1
  original:
    hackage: glib-0.13.8.0@sha256:97698bd054bad38756f3ef0220d7684f72e42660d261e9b118aa73419ce9207d,3136
- completed:
    name: binary-strict
    version: 0.4.8.6
    git: https://github.com/idontgetoutmuch/binary-low-level.git
    pantry-tree:
      size: 1121
      sha256: 97064a4b80bf3c8a4c0ec193167c0f1dc118f8c300497cdd12be46fd20defd39
    commit: e1b10f863c65c312b14c8500a386a87a1578b918
  original:
    git: https://github.com/idontgetoutmuch/binary-low-level.git
    commit: e1b10f863c65c312b14c8500a386a87a1578b918
snapshots:
- completed:
    size: 532383
    url: https://raw.githubusercontent.com/commercialhaskell/stackage-snapshots/master/lts/16/10.yaml
    sha256: 469d781ab6d2a4eceed6b31b6e4ec842dcd3cd1d11577972e86902603dce24df
  original: lts-16.10
