# This file was autogenerated by Stack.
# You should not edit this file by hand.
# For more information, please see the documentation at:
#   https://docs.haskellstack.org/en/stable/lock_files

packages:
- completed:
    hackage: gtk2hs-buildtools-0.13.5.4@sha256:0f18b0103fa7a3cbc28edc6a97bdaf08e1f9bd273ef26d2ad498630ec6d0ac9c,5288
    pantry-tree:
      size: 3588
      sha256: df6fdd3aaf8b9d3dd420b5c5906751d7399f1999607b396141d1493c76472e1b
  original:
    hackage: gtk2hs-buildtools-0.13.5.4
- completed:
    hackage: serialport-0.4.7@sha256:faff483f73c8e8e9661dae3788795bb0f4a38413a49fccb77bcdc6827af50182,1430
    pantry-tree:
      size: 762
      sha256: 50b9cd8cc7937d91834a499171f8d0904f63381dda4d90b546fa6f16f1bec2c3
  original:
    hackage: serialport-0.4.7
- completed:
    hackage: pango-0.13.8.0@sha256:690149ea2efb03c783937b69a5ec6ac854806146fd760e28e800634a6c2243c1,3897
    pantry-tree:
      size: 1506
      sha256: 328fc8a2e574379bfbc9b710270d3f6be7ed2c9bf5e10477a3256c0d2d362024
  original:
    hackage: pango-0.13.8.0@sha256:690149ea2efb03c783937b69a5ec6ac854806146fd760e28e800634a6c2243c1,3897
- completed:
    hackage: plot-0.2.3.10@sha256:3625b87437435d338c24fc31241bbae13997db993a142b0fc8388ecfa392e50f,4363
    pantry-tree:
      size: 2704
      sha256: d42b970e6c692a1b932ef6cea452c42d79eb2e08eeaa4dc9bd46d3089b9dbbf1
  original:
    hackage: plot-0.2.3.10@sha256:3625b87437435d338c24fc31241bbae13997db993a142b0fc8388ecfa392e50f,4363
- completed:
    hackage: glib-0.13.8.0@sha256:97698bd054bad38756f3ef0220d7684f72e42660d261e9b118aa73419ce9207d,3136
    pantry-tree:
      size: 1625
      sha256: 1a9d5731f5a7e40da0e5a25e25fea9da259c720e8c0263da1c4836488b60b4c1
  original:
    hackage: glib-0.13.8.0@sha256:97698bd054bad38756f3ef0220d7684f72e42660d261e9b118aa73419ce9207d,3136
- completed:
    name: binary-strict
    version: 0.4.8.4
    git: https://github.com/idontgetoutmuch/binary-low-level.git
    pantry-tree:
      size: 1121
      sha256: 96464ee67a1c20ad943a8281f78543dbfc220cd6a3533ec089391f1dc729c4dd
    commit: 085211fa1ff8242947d84c44ec98a026e566c212
  original:
    git: https://github.com/idontgetoutmuch/binary-low-level.git
    commit: 085211fa1ff8242947d84c44ec98a026e566c212
snapshots:
- completed:
    size: 524799
    url: https://raw.githubusercontent.com/commercialhaskell/stackage-snapshots/master/lts/14/17.yaml
    sha256: 1d72b33c0fc048e23f4f18fd76a6ad79dd1d8a3c054644098a71a09855e40c7c
  original: lts-14.17
